
Microsoft Visual Studio Solution File, Format Version 12.00
# Visual Studio Version 16
VisualStudioVersion = 16.0.30011.22
MinimumVisualStudioVersion = 10.0.40219.1
Project("{FAE04EC0-301F-11D3-BF4B-00C04F79EFBC}") = "TestNugetDocker", "TestNugetDocker\TestNugetDocker.csproj", "{0C39EE27-734D-482B-A4EC-B17FB6B9E473}"
EndProject
Global
	GlobalSection(SolutionConfigurationPlatforms) = preSolution
		Debug|Any CPU = Debug|Any CPU
		Release|Any CPU = Release|Any CPU
	EndGlobalSection
	GlobalSection(ProjectConfigurationPlatforms) = postSolution
		{0C39EE27-734D-482B-A4EC-B17FB6B9E473}.Debug|Any CPU.ActiveCfg = Debug|Any CPU
		{0C39EE27-734D-482B-A4EC-B17FB6B9E473}.Debug|Any CPU.Build.0 = Debug|Any CPU
		{0C39EE27-734D-482B-A4EC-B17FB6B9E473}.Release|Any CPU.ActiveCfg = Release|Any CPU
		{0C39EE27-734D-482B-A4EC-B17FB6B9E473}.Release|Any CPU.Build.0 = Release|Any CPU
	EndGlobalSection
	GlobalSection(SolutionProperties) = preSolution
		HideSolutionNode = FALSE
	EndGlobalSection
	GlobalSection(ExtensibilityGlobals) = postSolution
		SolutionGuid = {A0E23863-7497-4C47-9821-9E95146A6FDC}
	EndGlobalSection
EndGlobal
